# THIS IS AN AUTOGENERATED FILE. DO NOT EDIT THIS FILE DIRECTLY.
# yarn lockfile v1


"@storybook/addon-styling-webpack@^1.0.0":
  version "1.0.0"
  resolved "https://registry.yarnpkg.com/@storybook/addon-styling-webpack/-/addon-styling-webpack-1.0.0.tgz#a4d0d449b8e76135565bdc4745f9d0420edd2420"
  integrity sha512-jo1kzn7pi+NA+LZxrWoRvW6w7dXIKY/BjTG80XX2uU92lIKT+X1k/9vYk/0KPVK3Bsf4tO6ToAuqIRyOk7MHtg==
  dependencies:
    "@storybook/node-logger" "^8.0.0-alpha.10"

"@storybook/node-logger@^8.0.0-alpha.10":
  version "8.3.5"
  resolved "https://registry.yarnpkg.com/@storybook/node-logger/-/node-logger-8.3.5.tgz#5dafa79765eb2e1224717c84a1f681ab1c670dbf"
  integrity sha512-k49xhJy2jmfJbi2HrbrYlFDYRpwRr21Yp9OMa3lnFtVuuuhbYSIhx26wyicKf+wSk4UFl29UDlSFETIcu32ASg==

class-variance-authority@^0.7.0:
  version "0.7.0"
  resolved "https://registry.yarnpkg.com/class-variance-authority/-/class-variance-authority-0.7.0.tgz#1c3134d634d80271b1837452b06d821915954522"
  integrity sha512-jFI8IQw4hczaL4ALINxqLEXQbWcNjoSkloa4IaufXCJr6QawJyw7tuRysRsrE8w2p/4gGaxKIt/hX3qz/IbD1A==
  dependencies:
    clsx "2.0.0"

clsx@2.0.0:
  version "2.0.0"
  resolved "https://registry.yarnpkg.com/clsx/-/clsx-2.0.0.tgz#12658f3fd98fafe62075595a5c30e43d18f3d00b"
  integrity sha512-rQ1+kcj+ttHG0MKVGBUXwayCCF1oh39BF5COIpRzuCEv8Mwjv0XucrI2ExNTOn9IlLifGClWQcU9BrZORvtw6Q==

tailwind-merge@^2.5.3:
  version "2.5.3"
  resolved "https://registry.yarnpkg.com/tailwind-merge/-/tailwind-merge-2.5.3.tgz#579546e14ddda24462e0303acd8798c50f5511bb"
  integrity sha512-d9ZolCAIzom1nf/5p4LdD5zvjmgSxY0BGgdSvmXIoMYAiPdAW/dSpP7joCDYFY7r/HkEa2qmPtkgsu0xjQeQtw==
